
Microsoft Visual Studio Solution File, Format Version 12.00
# Visual Studio 15
VisualStudioVersion = 15.0.27703.2042
MinimumVisualStudioVersion = 10.0.40219.1
Project("{E24C65DC-7377-472B-9ABA-BC803B73C61A}") = "Contoso.web", "Contoso.web\", "{BC0B10CE-03CF-406C-B982-67DF0315888D}"
	ProjectSection(WebsiteProperties) = preProject
		TargetFrameworkMoniker = ".NETFramework,Version%3Dv4.6.1"
		Debug.AspNetCompiler.VirtualPath = "/localhost_58964"
		Debug.AspNetCompiler.PhysicalPath = "Contoso.web\"
		Debug.AspNetCompiler.TargetPath = "PrecompiledWeb\localhost_58964\"
		Debug.AspNetCompiler.Updateable = "true"
		Debug.AspNetCompiler.ForceOverwrite = "true"
		Debug.AspNetCompiler.FixedNames = "false"
		Debug.AspNetCompiler.Debug = "True"
		Release.AspNetCompiler.VirtualPath = "/localhost_58964"
		Release.AspNetCompiler.PhysicalPath = "Contoso.web\"
		Release.AspNetCompiler.TargetPath = "PrecompiledWeb\localhost_58964\"
		Release.AspNetCompiler.Updateable = "true"
		Release.AspNetCompiler.ForceOverwrite = "true"
		Release.AspNetCompiler.FixedNames = "false"
		Release.AspNetCompiler.Debug = "False"
		VWDPort = "58964"
		SlnRelativePath = "Contoso.web\"
		DefaultWebSiteLanguage = "Visual C#"
	EndProjectSection
EndProject
Project("{FAE04EC0-301F-11D3-BF4B-00C04F79EFBC}") = "Contoso.API", "Contoso.API\Contoso.API.csproj", "{42DDBA46-6991-47DC-B0D0-417C93A15E94}"
EndProject
Global
	GlobalSection(SolutionConfigurationPlatforms) = preSolution
		Debug|Any CPU = Debug|Any CPU
		Release|Any CPU = Release|Any CPU
	EndGlobalSection
	GlobalSection(ProjectConfigurationPlatforms) = postSolution
		{BC0B10CE-03CF-406C-B982-67DF0315888D}.Debug|Any CPU.ActiveCfg = Debug|Any CPU
		{BC0B10CE-03CF-406C-B982-67DF0315888D}.Debug|Any CPU.Build.0 = Debug|Any CPU
		{BC0B10CE-03CF-406C-B982-67DF0315888D}.Release|Any CPU.ActiveCfg = Debug|Any CPU
		{BC0B10CE-03CF-406C-B982-67DF0315888D}.Release|Any CPU.Build.0 = Debug|Any CPU
		{42DDBA46-6991-47DC-B0D0-417C93A15E94}.Debug|Any CPU.ActiveCfg = Debug|Any CPU
		{42DDBA46-6991-47DC-B0D0-417C93A15E94}.Debug|Any CPU.Build.0 = Debug|Any CPU
		{42DDBA46-6991-47DC-B0D0-417C93A15E94}.Release|Any CPU.ActiveCfg = Release|Any CPU
		{42DDBA46-6991-47DC-B0D0-417C93A15E94}.Release|Any CPU.Build.0 = Release|Any CPU
	EndGlobalSection
	GlobalSection(SolutionProperties) = preSolution
		HideSolutionNode = FALSE
	EndGlobalSection
	GlobalSection(ExtensibilityGlobals) = postSolution
		SolutionGuid = {9469478F-9CD9-45EE-8E01-AFF9AE813818}
	EndGlobalSection
EndGlobal
